// !$*UTF8*$!
{
	archiveVersion = 1;
	classes = {
	};
	objectVersion = 55;
	objects = {

/* Begin PBXBuildFile section */
		3E3077222818CFB100B71676 /* SemesterListVM.swift in Sources */ = {isa = PBXBuildFile; fileRef = 3E3077212818CFB100B71676 /* SemesterListVM.swift */; };
		3E608E03280F244800371D99 /* StudentPlannerApp.swift in Sources */ = {isa = PBXBuildFile; fileRef = 3E608E02280F244800371D99 /* StudentPlannerApp.swift */; };
		3E608E05280F244800371D99 /* CourseThemeView.swift in Sources */ = {isa = PBXBuildFile; fileRef = 3E608E04280F244800371D99 /* CourseThemeView.swift */; };
		3E608E07280F244A00371D99 /* Assets.xcassets in Resources */ = {isa = PBXBuildFile; fileRef = 3E608E06280F244A00371D99 /* Assets.xcassets */; };
		3E608E0A280F244A00371D99 /* Preview Assets.xcassets in Resources */ = {isa = PBXBuildFile; fileRef = 3E608E09280F244A00371D99 /* Preview Assets.xcassets */; };
		3E608E14280F252E00371D99 /* SemesterEditorView.swift in Sources */ = {isa = PBXBuildFile; fileRef = 3E608E13280F252E00371D99 /* SemesterEditorView.swift */; };
		3E608E17280F2DA200371D99 /* SemesterListView.swift in Sources */ = {isa = PBXBuildFile; fileRef = 3E608E16280F2DA200371D99 /* SemesterListView.swift */; };
		3E608E19280F2FFC00371D99 /* SemesterCellView.swift in Sources */ = {isa = PBXBuildFile; fileRef = 3E608E18280F2FFC00371D99 /* SemesterCellView.swift */; };
		3E608E1B280F39A300371D99 /* Semester.swift in Sources */ = {isa = PBXBuildFile; fileRef = 3E608E1A280F39A300371D99 /* Semester.swift */; };
		3E62749B280F6B030049D796 /* ViewDefaults.swift in Sources */ = {isa = PBXBuildFile; fileRef = 3E62749A280F6B030049D796 /* ViewDefaults.swift */; };
		3E6361462812752C006A0D4E /* CourseListView.swift in Sources */ = {isa = PBXBuildFile; fileRef = 3E6361452812752C006A0D4E /* CourseListView.swift */; };
		3E6C30A3280F7890000774FF /* Course.swift in Sources */ = {isa = PBXBuildFile; fileRef = 3E6C30A2280F7890000774FF /* Course.swift */; };
		3E6C30A6280F7A7D000774FF /* DaysOfWeek.swift in Sources */ = {isa = PBXBuildFile; fileRef = 3E6C30A5280F7A7D000774FF /* DaysOfWeek.swift */; };
		3E76B9BD2818F6BD006E6EF7 /* DataServiceProtocol.swift in Sources */ = {isa = PBXBuildFile; fileRef = 3E76B9BC2818F6BD006E6EF7 /* DataServiceProtocol.swift */; };
		3E76B9C02818F6F1006E6EF7 /* TestDataService.swift in Sources */ = {isa = PBXBuildFile; fileRef = 3E76B9BF2818F6F1006E6EF7 /* TestDataService.swift */; };
		3E785DA128132D5B0067A86C /* Calendar.swift in Sources */ = {isa = PBXBuildFile; fileRef = 3E785DA028132D5B0067A86C /* Calendar.swift */; };
		3E785DA42813362E0067A86C /* CourseClassEditorView.swift in Sources */ = {isa = PBXBuildFile; fileRef = 3E785DA32813362E0067A86C /* CourseClassEditorView.swift */; };
		3ECC78392811D41800E36874 /* CourseDetailView.swift in Sources */ = {isa = PBXBuildFile; fileRef = 3ECC78382811D41800E36874 /* CourseDetailView.swift */; };
		3ECC783C2811EDEB00E36874 /* SemesterDetailsVM.swift in Sources */ = {isa = PBXBuildFile; fileRef = 3ECC783B2811EDEB00E36874 /* SemesterDetailsVM.swift */; };
		3ECC783E2811EEE200E36874 /* Location.swift in Sources */ = {isa = PBXBuildFile; fileRef = 3ECC783D2811EEE200E36874 /* Location.swift */; };
		3ECC78402811EF2A00E36874 /* Instructor.swift in Sources */ = {isa = PBXBuildFile; fileRef = 3ECC783F2811EF2A00E36874 /* Instructor.swift */; };
		3ECC78422811F04E00E36874 /* CourseClass.swift in Sources */ = {isa = PBXBuildFile; fileRef = 3ECC78412811F04E00E36874 /* CourseClass.swift */; };
		3ECC78442811F69C00E36874 /* SampleData.swift in Sources */ = {isa = PBXBuildFile; fileRef = 3ECC78432811F69C00E36874 /* SampleData.swift */; };
		3ECC7846281200DA00E36874 /* InstructorEditorView.swift in Sources */ = {isa = PBXBuildFile; fileRef = 3ECC7845281200DA00E36874 /* InstructorEditorView.swift */; };
		3ECC784B28121CE300E36874 /* InstructorListView.swift in Sources */ = {isa = PBXBuildFile; fileRef = 3ECC784A28121CE300E36874 /* InstructorListView.swift */; };
		3ECC784D281224EA00E36874 /* InstructorListCell.swift in Sources */ = {isa = PBXBuildFile; fileRef = 3ECC784C281224EA00E36874 /* InstructorListCell.swift */; };
		3ECC784F28122B5200E36874 /* InstructorDetailView.swift in Sources */ = {isa = PBXBuildFile; fileRef = 3ECC784E28122B5200E36874 /* InstructorDetailView.swift */; };
		3ED15314280F8EAF0011C8C1 /* CourseEditorView.swift in Sources */ = {isa = PBXBuildFile; fileRef = 3ED15313280F8EAF0011C8C1 /* CourseEditorView.swift */; };
		3ED15318280F985A0011C8C1 /* Color.swift in Sources */ = {isa = PBXBuildFile; fileRef = 3ED15317280F985A0011C8C1 /* Color.swift */; };
		3ED1531A280F9D080011C8C1 /* CourseTheme.swift in Sources */ = {isa = PBXBuildFile; fileRef = 3ED15319280F9D080011C8C1 /* CourseTheme.swift */; };
		3EF42FC6280F521700D5D01F /* SemesterDetailsView.swift in Sources */ = {isa = PBXBuildFile; fileRef = 3EF42FC5280F521700D5D01F /* SemesterDetailsView.swift */; };
/* End PBXBuildFile section */

/* Begin PBXFileReference section */
		3E3077212818CFB100B71676 /* SemesterListVM.swift */ = {isa = PBXFileReference; lastKnownFileType = sourcecode.swift; path = SemesterListVM.swift; sourceTree = "<group>"; };
		3E608DFF280F244800371D99 /* StudentPlanner.app */ = {isa = PBXFileReference; explicitFileType = wrapper.application; includeInIndex = 0; path = StudentPlanner.app; sourceTree = BUILT_PRODUCTS_DIR; };
		3E608E02280F244800371D99 /* StudentPlannerApp.swift */ = {isa = PBXFileReference; lastKnownFileType = sourcecode.swift; path = StudentPlannerApp.swift; sourceTree = "<group>"; };
		3E608E04280F244800371D99 /* CourseThemeView.swift */ = {isa = PBXFileReference; lastKnownFileType = sourcecode.swift; path = CourseThemeView.swift; sourceTree = "<group>"; };
		3E608E06280F244A00371D99 /* Assets.xcassets */ = {isa = PBXFileReference; lastKnownFileType = folder.assetcatalog; path = Assets.xcassets; sourceTree = "<group>"; };
		3E608E09280F244A00371D99 /* Preview Assets.xcassets */ = {isa = PBXFileReference; lastKnownFileType = folder.assetcatalog; path = "Preview Assets.xcassets"; sourceTree = "<group>"; };
		3E608E13280F252E00371D99 /* SemesterEditorView.swift */ = {isa = PBXFileReference; lastKnownFileType = sourcecode.swift; path = SemesterEditorView.swift; sourceTree = "<group>"; };
		3E608E16280F2DA200371D99 /* SemesterListView.swift */ = {isa = PBXFileReference; lastKnownFileType = sourcecode.swift; path = SemesterListView.swift; sourceTree = "<group>"; };
		3E608E18280F2FFC00371D99 /* SemesterCellView.swift */ = {isa = PBXFileReference; lastKnownFileType = sourcecode.swift; path = SemesterCellView.swift; sourceTree = "<group>"; };
		3E608E1A280F39A300371D99 /* Semester.swift */ = {isa = PBXFileReference; lastKnownFileType = sourcecode.swift; path = Semester.swift; sourceTree = "<group>"; };
		3E62749A280F6B030049D796 /* ViewDefaults.swift */ = {isa = PBXFileReference; lastKnownFileType = sourcecode.swift; path = ViewDefaults.swift; sourceTree = "<group>"; };
		3E6361452812752C006A0D4E /* CourseListView.swift */ = {isa = PBXFileReference; lastKnownFileType = sourcecode.swift; path = CourseListView.swift; sourceTree = "<group>"; };
		3E6C30A2280F7890000774FF /* Course.swift */ = {isa = PBXFileReference; lastKnownFileType = sourcecode.swift; path = Course.swift; sourceTree = "<group>"; };
		3E6C30A5280F7A7D000774FF /* DaysOfWeek.swift */ = {isa = PBXFileReference; lastKnownFileType = sourcecode.swift; path = DaysOfWeek.swift; sourceTree = "<group>"; };
		3E76B9BC2818F6BD006E6EF7 /* DataServiceProtocol.swift */ = {isa = PBXFileReference; lastKnownFileType = sourcecode.swift; path = DataServiceProtocol.swift; sourceTree = "<group>"; };
		3E76B9BF2818F6F1006E6EF7 /* TestDataService.swift */ = {isa = PBXFileReference; lastKnownFileType = sourcecode.swift; path = TestDataService.swift; sourceTree = "<group>"; };
		3E785DA028132D5B0067A86C /* Calendar.swift */ = {isa = PBXFileReference; lastKnownFileType = sourcecode.swift; path = Calendar.swift; sourceTree = "<group>"; };
		3E785DA32813362E0067A86C /* CourseClassEditorView.swift */ = {isa = PBXFileReference; lastKnownFileType = sourcecode.swift; path = CourseClassEditorView.swift; sourceTree = "<group>"; };
		3ECC78382811D41800E36874 /* CourseDetailView.swift */ = {isa = PBXFileReference; lastKnownFileType = sourcecode.swift; path = CourseDetailView.swift; sourceTree = "<group>"; };
		3ECC783B2811EDEB00E36874 /* SemesterDetailsVM.swift */ = {isa = PBXFileReference; lastKnownFileType = sourcecode.swift; path = SemesterDetailsVM.swift; sourceTree = "<group>"; };
		3ECC783D2811EEE200E36874 /* Location.swift */ = {isa = PBXFileReference; lastKnownFileType = sourcecode.swift; path = Location.swift; sourceTree = "<group>"; };
		3ECC783F2811EF2A00E36874 /* Instructor.swift */ = {isa = PBXFileReference; lastKnownFileType = sourcecode.swift; path = Instructor.swift; sourceTree = "<group>"; };
		3ECC78412811F04E00E36874 /* CourseClass.swift */ = {isa = PBXFileReference; lastKnownFileType = sourcecode.swift; path = CourseClass.swift; sourceTree = "<group>"; };
		3ECC78432811F69C00E36874 /* SampleData.swift */ = {isa = PBXFileReference; lastKnownFileType = sourcecode.swift; path = SampleData.swift; sourceTree = "<group>"; };
		3ECC7845281200DA00E36874 /* InstructorEditorView.swift */ = {isa = PBXFileReference; lastKnownFileType = sourcecode.swift; path = InstructorEditorView.swift; sourceTree = "<group>"; };
		3ECC784A28121CE300E36874 /* InstructorListView.swift */ = {isa = PBXFileReference; lastKnownFileType = sourcecode.swift; path = InstructorListView.swift; sourceTree = "<group>"; };
		3ECC784C281224EA00E36874 /* InstructorListCell.swift */ = {isa = PBXFileReference; lastKnownFileType = sourcecode.swift; path = InstructorListCell.swift; sourceTree = "<group>"; };
		3ECC784E28122B5200E36874 /* InstructorDetailView.swift */ = {isa = PBXFileReference; lastKnownFileType = sourcecode.swift; path = InstructorDetailView.swift; sourceTree = "<group>"; };
		3ED15313280F8EAF0011C8C1 /* CourseEditorView.swift */ = {isa = PBXFileReference; lastKnownFileType = sourcecode.swift; path = CourseEditorView.swift; sourceTree = "<group>"; };
		3ED15317280F985A0011C8C1 /* Color.swift */ = {isa = PBXFileReference; lastKnownFileType = sourcecode.swift; path = Color.swift; sourceTree = "<group>"; };
		3ED15319280F9D080011C8C1 /* CourseTheme.swift */ = {isa = PBXFileReference; lastKnownFileType = sourcecode.swift; path = CourseTheme.swift; sourceTree = "<group>"; };
		3EF42FC5280F521700D5D01F /* SemesterDetailsView.swift */ = {isa = PBXFileReference; lastKnownFileType = sourcecode.swift; path = SemesterDetailsView.swift; sourceTree = "<group>"; };
/* End PBXFileReference section */

/* Begin PBXFrameworksBuildPhase section */
		3E608DFC280F244800371D99 /* Frameworks */ = {
			isa = PBXFrameworksBuildPhase;
			buildActionMask = 2147483647;
			files = (
			);
			runOnlyForDeploymentPostprocessing = 0;
		};
/* End PBXFrameworksBuildPhase section */

/* Begin PBXGroup section */
		3E608DF6280F244800371D99 = {
			isa = PBXGroup;
			children = (
				3E608E01280F244800371D99 /* StudentPlanner */,
				3E608E00280F244800371D99 /* Products */,
			);
			sourceTree = "<group>";
		};
		3E608E00280F244800371D99 /* Products */ = {
			isa = PBXGroup;
			children = (
				3E608DFF280F244800371D99 /* StudentPlanner.app */,
			);
			name = Products;
			sourceTree = "<group>";
		};
		3E608E01280F244800371D99 /* StudentPlanner */ = {
			isa = PBXGroup;
			children = (
				3E608E02280F244800371D99 /* StudentPlannerApp.swift */,
				3ECC78372811C80F00E36874 /* Views */,
				3ECC783A2811EDC300E36874 /* ViewModels */,
				3EF42FC4280F51FE00D5D01F /* Models */,
				3ED15316280F98360011C8C1 /* Utilities */,
				3E76B9BB2818F6A5006E6EF7 /* Protocols */,
				3E785D9F28132D460067A86C /* Extensions */,
				3E76B9BE2818F6D8006E6EF7 /* DataServices */,
				3E608E06280F244A00371D99 /* Assets.xcassets */,
				3E608E08280F244A00371D99 /* Preview Content */,
			);
			path = StudentPlanner;
			sourceTree = "<group>";
		};
		3E608E08280F244A00371D99 /* Preview Content */ = {
			isa = PBXGroup;
			children = (
				3E608E09280F244A00371D99 /* Preview Assets.xcassets */,
			);
			path = "Preview Content";
			sourceTree = "<group>";
		};
		3E76B9BB2818F6A5006E6EF7 /* Protocols */ = {
			isa = PBXGroup;
			children = (
				3E76B9BC2818F6BD006E6EF7 /* DataServiceProtocol.swift */,
			);
			path = Protocols;
			sourceTree = "<group>";
		};
		3E76B9BE2818F6D8006E6EF7 /* DataServices */ = {
			isa = PBXGroup;
			children = (
				3E76B9BF2818F6F1006E6EF7 /* TestDataService.swift */,
			);
			path = DataServices;
			sourceTree = "<group>";
		};
		3E785D9F28132D460067A86C /* Extensions */ = {
			isa = PBXGroup;
			children = (
				3E785DA028132D5B0067A86C /* Calendar.swift */,
			);
			path = Extensions;
			sourceTree = "<group>";
		};
		3E785DA2281336080067A86C /* CourseClassViews */ = {
			isa = PBXGroup;
			children = (
				3E785DA32813362E0067A86C /* CourseClassEditorView.swift */,
			);
			path = CourseClassViews;
			sourceTree = "<group>";
		};
		3ECC78372811C80F00E36874 /* Views */ = {
			isa = PBXGroup;
			children = (
				3ECC785028124F9A00E36874 /* SemesterViews */,
				3ECC785128124FAD00E36874 /* CourseViews */,
				3E785DA2281336080067A86C /* CourseClassViews */,
				3ECC784728121A6600E36874 /* InstructorViews */,
				3E62749A280F6B030049D796 /* ViewDefaults.swift */,
			);
			path = Views;
			sourceTree = "<group>";
		};
		3ECC783A2811EDC300E36874 /* ViewModels */ = {
			isa = PBXGroup;
			children = (
				3ECC783B2811EDEB00E36874 /* SemesterDetailsVM.swift */,
				3E3077212818CFB100B71676 /* SemesterListVM.swift */,
			);
			path = ViewModels;
			sourceTree = "<group>";
		};
		3ECC784728121A6600E36874 /* InstructorViews */ = {
			isa = PBXGroup;
			children = (
				3ECC784A28121CE300E36874 /* InstructorListView.swift */,
				3ECC784C281224EA00E36874 /* InstructorListCell.swift */,
				3ECC784E28122B5200E36874 /* InstructorDetailView.swift */,
				3ECC7845281200DA00E36874 /* InstructorEditorView.swift */,
			);
			path = InstructorViews;
			sourceTree = "<group>";
		};
		3ECC785028124F9A00E36874 /* SemesterViews */ = {
			isa = PBXGroup;
			children = (
				3E608E13280F252E00371D99 /* SemesterEditorView.swift */,
				3E608E18280F2FFC00371D99 /* SemesterCellView.swift */,
				3E608E16280F2DA200371D99 /* SemesterListView.swift */,
				3EF42FC5280F521700D5D01F /* SemesterDetailsView.swift */,
			);
			path = SemesterViews;
			sourceTree = "<group>";
		};
		3ECC785128124FAD00E36874 /* CourseViews */ = {
			isa = PBXGroup;
			children = (
				3ECC78382811D41800E36874 /* CourseDetailView.swift */,
				3E6361452812752C006A0D4E /* CourseListView.swift */,
				3ED15313280F8EAF0011C8C1 /* CourseEditorView.swift */,
				3E608E04280F244800371D99 /* CourseThemeView.swift */,
			);
			path = CourseViews;
			sourceTree = "<group>";
		};
		3ED15316280F98360011C8C1 /* Utilities */ = {
			isa = PBXGroup;
			children = (
				3ED15317280F985A0011C8C1 /* Color.swift */,
				3ED15319280F9D080011C8C1 /* CourseTheme.swift */,
			);
			path = Utilities;
			sourceTree = "<group>";
		};
		3EF42FC4280F51FE00D5D01F /* Models */ = {
			isa = PBXGroup;
			children = (
				3E608E1A280F39A300371D99 /* Semester.swift */,
				3E6C30A2280F7890000774FF /* Course.swift */,
				3E6C30A5280F7A7D000774FF /* DaysOfWeek.swift */,
				3ECC783D2811EEE200E36874 /* Location.swift */,
				3ECC783F2811EF2A00E36874 /* Instructor.swift */,
				3ECC78412811F04E00E36874 /* CourseClass.swift */,
				3ECC78432811F69C00E36874 /* SampleData.swift */,
			);
			path = Models;
			sourceTree = "<group>";
		};
/* End PBXGroup section */

/* Begin PBXNativeTarget section */
		3E608DFE280F244800371D99 /* StudentPlanner */ = {
			isa = PBXNativeTarget;
			buildConfigurationList = 3E608E0D280F244A00371D99 /* Build configuration list for PBXNativeTarget "StudentPlanner" */;
			buildPhases = (
				3E608DFB280F244800371D99 /* Sources */,
				3E608DFC280F244800371D99 /* Frameworks */,
				3E608DFD280F244800371D99 /* Resources */,
			);
			buildRules = (
			);
			dependencies = (
			);
			name = StudentPlanner;
			productName = StudentPlanner;
			productReference = 3E608DFF280F244800371D99 /* StudentPlanner.app */;
			productType = "com.apple.product-type.application";
		};
/* End PBXNativeTarget section */

/* Begin PBXProject section */
		3E608DF7280F244800371D99 /* Project object */ = {
			isa = PBXProject;
			attributes = {
				BuildIndependentTargetsInParallel = 1;
				LastSwiftUpdateCheck = 1330;
				LastUpgradeCheck = 1330;
				TargetAttributes = {
					3E608DFE280F244800371D99 = {
						CreatedOnToolsVersion = 13.3.1;
					};
				};
			};
			buildConfigurationList = 3E608DFA280F244800371D99 /* Build configuration list for PBXProject "StudentPlanner" */;
			compatibilityVersion = "Xcode 13.0";
			developmentRegion = en;
			hasScannedForEncodings = 0;
			knownRegions = (
				en,
				Base,
			);
			mainGroup = 3E608DF6280F244800371D99;
			productRefGroup = 3E608E00280F244800371D99 /* Products */;
			projectDirPath = "";
			projectRoot = "";
			targets = (
				3E608DFE280F244800371D99 /* StudentPlanner */,
			);
		};
/* End PBXProject section */

/* Begin PBXResourcesBuildPhase section */
		3E608DFD280F244800371D99 /* Resources */ = {
			isa = PBXResourcesBuildPhase;
			buildActionMask = 2147483647;
			files = (
				3E608E0A280F244A00371D99 /* Preview Assets.xcassets in Resources */,
				3E608E07280F244A00371D99 /* Assets.xcassets in Resources */,
			);
			runOnlyForDeploymentPostprocessing = 0;
		};
/* End PBXResourcesBuildPhase section */

/* Begin PBXSourcesBuildPhase section */
		3E608DFB280F244800371D99 /* Sources */ = {
			isa = PBXSourcesBuildPhase;
			buildActionMask = 2147483647;
			files = (
				3E6C30A3280F7890000774FF /* Course.swift in Sources */,
				3E62749B280F6B030049D796 /* ViewDefaults.swift in Sources */,
				3ECC783E2811EEE200E36874 /* Location.swift in Sources */,
				3E608E19280F2FFC00371D99 /* SemesterCellView.swift in Sources */,
				3ED15314280F8EAF0011C8C1 /* CourseEditorView.swift in Sources */,
				3ECC78392811D41800E36874 /* CourseDetailView.swift in Sources */,
				3E608E1B280F39A300371D99 /* Semester.swift in Sources */,
				3ED1531A280F9D080011C8C1 /* CourseTheme.swift in Sources */,
				3ECC784F28122B5200E36874 /* InstructorDetailView.swift in Sources */,
				3E785DA128132D5B0067A86C /* Calendar.swift in Sources */,
				3E3077222818CFB100B71676 /* SemesterListVM.swift in Sources */,
				3ECC784D281224EA00E36874 /* InstructorListCell.swift in Sources */,
				3ECC784B28121CE300E36874 /* InstructorListView.swift in Sources */,
				3ED15318280F985A0011C8C1 /* Color.swift in Sources */,
				3E608E17280F2DA200371D99 /* SemesterListView.swift in Sources */,
				3E76B9C02818F6F1006E6EF7 /* TestDataService.swift in Sources */,
				3E608E05280F244800371D99 /* CourseThemeView.swift in Sources */,
				3ECC78442811F69C00E36874 /* SampleData.swift in Sources */,
				3E6361462812752C006A0D4E /* CourseListView.swift in Sources */,
				3E785DA42813362E0067A86C /* CourseClassEditorView.swift in Sources */,
				3ECC7846281200DA00E36874 /* InstructorEditorView.swift in Sources */,
				3E608E03280F244800371D99 /* StudentPlannerApp.swift in Sources */,
				3E6C30A6280F7A7D000774FF /* DaysOfWeek.swift in Sources */,
				3E608E14280F252E00371D99 /* SemesterEditorView.swift in Sources */,
				3ECC783C2811EDEB00E36874 /* SemesterDetailsVM.swift in Sources */,
				3ECC78422811F04E00E36874 /* CourseClass.swift in Sources */,
				3E76B9BD2818F6BD006E6EF7 /* DataServiceProtocol.swift in Sources */,
				3ECC78402811EF2A00E36874 /* Instructor.swift in Sources */,
				3EF42FC6280F521700D5D01F /* SemesterDetailsView.swift in Sources */,
			);
			runOnlyForDeploymentPostprocessing = 0;
		};
/* End PBXSourcesBuildPhase section */

/* Begin XCBuildConfiguration section */
		3E608E0B280F244A00371D99 /* Debug */ = {
			isa = XCBuildConfiguration;
			buildSettings = {
				ALWAYS_SEARCH_USER_PATHS = NO;
				CLANG_ANALYZER_NONNULL = YES;
				CLANG_ANALYZER_NUMBER_OBJECT_CONVERSION = YES_AGGRESSIVE;
				CLANG_CXX_LANGUAGE_STANDARD = "gnu++17";
				CLANG_ENABLE_MODULES = YES;
				CLANG_ENABLE_OBJC_ARC = YES;
				CLANG_ENABLE_OBJC_WEAK = YES;
				CLANG_WARN_BLOCK_CAPTURE_AUTORELEASING = YES;
				CLANG_WARN_BOOL_CONVERSION = YES;
				CLANG_WARN_COMMA = YES;
				CLANG_WARN_CONSTANT_CONVERSION = YES;
				CLANG_WARN_DEPRECATED_OBJC_IMPLEMENTATIONS = YES;
				CLANG_WARN_DIRECT_OBJC_ISA_USAGE = YES_ERROR;
				CLANG_WARN_DOCUMENTATION_COMMENTS = YES;
				CLANG_WARN_EMPTY_BODY = YES;
				CLANG_WARN_ENUM_CONVERSION = YES;
				CLANG_WARN_INFINITE_RECURSION = YES;
				CLANG_WARN_INT_CONVERSION = YES;
				CLANG_WARN_NON_LITERAL_NULL_CONVERSION = YES;
				CLANG_WARN_OBJC_IMPLICIT_RETAIN_SELF = YES;
				CLANG_WARN_OBJC_LITERAL_CONVERSION = YES;
				CLANG_WARN_OBJC_ROOT_CLASS = YES_ERROR;
				CLANG_WARN_QUOTED_INCLUDE_IN_FRAMEWORK_HEADER = YES;
				CLANG_WARN_RANGE_LOOP_ANALYSIS = YES;
				CLANG_WARN_STRICT_PROTOTYPES = YES;
				CLANG_WARN_SUSPICIOUS_MOVE = YES;
				CLANG_WARN_UNGUARDED_AVAILABILITY = YES_AGGRESSIVE;
				CLANG_WARN_UNREACHABLE_CODE = YES;
				CLANG_WARN__DUPLICATE_METHOD_MATCH = YES;
				COPY_PHASE_STRIP = NO;
				DEBUG_INFORMATION_FORMAT = dwarf;
				ENABLE_STRICT_OBJC_MSGSEND = YES;
				ENABLE_TESTABILITY = YES;
				GCC_C_LANGUAGE_STANDARD = gnu11;
				GCC_DYNAMIC_NO_PIC = NO;
				GCC_NO_COMMON_BLOCKS = YES;
				GCC_OPTIMIZATION_LEVEL = 0;
				GCC_PREPROCESSOR_DEFINITIONS = (
					"DEBUG=1",
					"$(inherited)",
				);
				GCC_WARN_64_TO_32_BIT_CONVERSION = YES;
				GCC_WARN_ABOUT_RETURN_TYPE = YES_ERROR;
				GCC_WARN_UNDECLARED_SELECTOR = YES;
				GCC_WARN_UNINITIALIZED_AUTOS = YES_AGGRESSIVE;
				GCC_WARN_UNUSED_FUNCTION = YES;
				GCC_WARN_UNUSED_VARIABLE = YES;
				IPHONEOS_DEPLOYMENT_TARGET = 15.4;
				MTL_ENABLE_DEBUG_INFO = INCLUDE_SOURCE;
				MTL_FAST_MATH = YES;
				ONLY_ACTIVE_ARCH = YES;
				SDKROOT = iphoneos;
				SWIFT_ACTIVE_COMPILATION_CONDITIONS = DEBUG;
				SWIFT_OPTIMIZATION_LEVEL = "-Onone";
			};
			name = Debug;
		};
		3E608E0C280F244A00371D99 /* Release */ = {
			isa = XCBuildConfiguration;
			buildSettings = {
				ALWAYS_SEARCH_USER_PATHS = NO;
				CLANG_ANALYZER_NONNULL = YES;
				CLANG_ANALYZER_NUMBER_OBJECT_CONVERSION = YES_AGGRESSIVE;
				CLANG_CXX_LANGUAGE_STANDARD = "gnu++17";
				CLANG_ENABLE_MODULES = YES;
				CLANG_ENABLE_OBJC_ARC = YES;
				CLANG_ENABLE_OBJC_WEAK = YES;
				CLANG_WARN_BLOCK_CAPTURE_AUTORELEASING = YES;
				CLANG_WARN_BOOL_CONVERSION = YES;
				CLANG_WARN_COMMA = YES;
				CLANG_WARN_CONSTANT_CONVERSION = YES;
				CLANG_WARN_DEPRECATED_OBJC_IMPLEMENTATIONS = YES;
				CLANG_WARN_DIRECT_OBJC_ISA_USAGE = YES_ERROR;
				CLANG_WARN_DOCUMENTATION_COMMENTS = YES;
				CLANG_WARN_EMPTY_BODY = YES;
				CLANG_WARN_ENUM_CONVERSION = YES;
				CLANG_WARN_INFINITE_RECURSION = YES;
				CLANG_WARN_INT_CONVERSION = YES;
				CLANG_WARN_NON_LITERAL_NULL_CONVERSION = YES;
				CLANG_WARN_OBJC_IMPLICIT_RETAIN_SELF = YES;
				CLANG_WARN_OBJC_LITERAL_CONVERSION = YES;
				CLANG_WARN_OBJC_ROOT_CLASS = YES_ERROR;
				CLANG_WARN_QUOTED_INCLUDE_IN_FRAMEWORK_HEADER = YES;
				CLANG_WARN_RANGE_LOOP_ANALYSIS = YES;
				CLANG_WARN_STRICT_PROTOTYPES = YES;
				CLANG_WARN_SUSPICIOUS_MOVE = YES;
				CLANG_WARN_UNGUARDED_AVAILABILITY = YES_AGGRESSIVE;
				CLANG_WARN_UNREACHABLE_CODE = YES;
				CLANG_WARN__DUPLICATE_METHOD_MATCH = YES;
				COPY_PHASE_STRIP = NO;
				DEBUG_INFORMATION_FORMAT = "dwarf-with-dsym";
				ENABLE_NS_ASSERTIONS = NO;
				ENABLE_STRICT_OBJC_MSGSEND = YES;
				GCC_C_LANGUAGE_STANDARD = gnu11;
				GCC_NO_COMMON_BLOCKS = YES;
				GCC_WARN_64_TO_32_BIT_CONVERSION = YES;
				GCC_WARN_ABOUT_RETURN_TYPE = YES_ERROR;
				GCC_WARN_UNDECLARED_SELECTOR = YES;
				GCC_WARN_UNINITIALIZED_AUTOS = YES_AGGRESSIVE;
				GCC_WARN_UNUSED_FUNCTION = YES;
				GCC_WARN_UNUSED_VARIABLE = YES;
				IPHONEOS_DEPLOYMENT_TARGET = 15.4;
				MTL_ENABLE_DEBUG_INFO = NO;
				MTL_FAST_MATH = YES;
				SDKROOT = iphoneos;
				SWIFT_COMPILATION_MODE = wholemodule;
				SWIFT_OPTIMIZATION_LEVEL = "-O";
				VALIDATE_PRODUCT = YES;
			};
			name = Release;
		};
		3E608E0E280F244A00371D99 /* Debug */ = {
			isa = XCBuildConfiguration;
			buildSettings = {
				ASSETCATALOG_COMPILER_APPICON_NAME = AppIcon;
				ASSETCATALOG_COMPILER_GLOBAL_ACCENT_COLOR_NAME = AccentColor;
				CODE_SIGN_STYLE = Automatic;
				CURRENT_PROJECT_VERSION = 1;
				DEVELOPMENT_ASSET_PATHS = "\"StudentPlanner/Preview Content\"";
				DEVELOPMENT_TEAM = 7RAJ53CC6B;
				ENABLE_PREVIEWS = YES;
				GENERATE_INFOPLIST_FILE = YES;
				INFOPLIST_KEY_UIApplicationSceneManifest_Generation = YES;
				INFOPLIST_KEY_UIApplicationSupportsIndirectInputEvents = YES;
				INFOPLIST_KEY_UILaunchScreen_Generation = YES;
				INFOPLIST_KEY_UISupportedInterfaceOrientations_iPad = "UIInterfaceOrientationPortrait UIInterfaceOrientationPortraitUpsideDown UIInterfaceOrientationLandscapeLeft UIInterfaceOrientationLandscapeRight";
				INFOPLIST_KEY_UISupportedInterfaceOrientations_iPhone = "UIInterfaceOrientationPortrait UIInterfaceOrientationLandscapeLeft UIInterfaceOrientationLandscapeRight";
				LD_RUNPATH_SEARCH_PATHS = (
					"$(inherited)",
					"@executable_path/Frameworks",
				);
				MARKETING_VERSION = 1.0;
				PRODUCT_BUNDLE_IDENTIFIER = com.salcabrera.StudentPlanner;
				PRODUCT_NAME = "$(TARGET_NAME)";
				SWIFT_EMIT_LOC_STRINGS = YES;
				SWIFT_VERSION = 5.0;
				TARGETED_DEVICE_FAMILY = "1,2";
			};
			name = Debug;
		};
		3E608E0F280F244A00371D99 /* Release */ = {
			isa = XCBuildConfiguration;
			buildSettings = {
				ASSETCATALOG_COMPILER_APPICON_NAME = AppIcon;
				ASSETCATALOG_COMPILER_GLOBAL_ACCENT_COLOR_NAME = AccentColor;
				CODE_SIGN_STYLE = Automatic;
				CURRENT_PROJECT_VERSION = 1;
				DEVELOPMENT_ASSET_PATHS = "\"StudentPlanner/Preview Content\"";
				DEVELOPMENT_TEAM = 7RAJ53CC6B;
				ENABLE_PREVIEWS = YES;
				GENERATE_INFOPLIST_FILE = YES;
				INFOPLIST_KEY_UIApplicationSceneManifest_Generation = YES;
				INFOPLIST_KEY_UIApplicationSupportsIndirectInputEvents = YES;
				INFOPLIST_KEY_UILaunchScreen_Generation = YES;
				INFOPLIST_KEY_UISupportedInterfaceOrientations_iPad = "UIInterfaceOrientationPortrait UIInterfaceOrientationPortraitUpsideDown UIInterfaceOrientationLandscapeLeft UIInterfaceOrientationLandscapeRight";
				INFOPLIST_KEY_UISupportedInterfaceOrientations_iPhone = "UIInterfaceOrientationPortrait UIInterfaceOrientationLandscapeLeft UIInterfaceOrientationLandscapeRight";
				LD_RUNPATH_SEARCH_PATHS = (
					"$(inherited)",
					"@executable_path/Frameworks",
				);
				MARKETING_VERSION = 1.0;
				PRODUCT_BUNDLE_IDENTIFIER = com.salcabrera.StudentPlanner;
				PRODUCT_NAME = "$(TARGET_NAME)";
				SWIFT_EMIT_LOC_STRINGS = YES;
				SWIFT_VERSION = 5.0;
				TARGETED_DEVICE_FAMILY = "1,2";
			};
			name = Release;
		};
/* End XCBuildConfiguration section */

/* Begin XCConfigurationList section */
		3E608DFA280F244800371D99 /* Build configuration list for PBXProject "StudentPlanner" */ = {
			isa = XCConfigurationList;
			buildConfigurations = (
				3E608E0B280F244A00371D99 /* Debug */,
				3E608E0C280F244A00371D99 /* Release */,
			);
			defaultConfigurationIsVisible = 0;
			defaultConfigurationName = Release;
		};
		3E608E0D280F244A00371D99 /* Build configuration list for PBXNativeTarget "StudentPlanner" */ = {
			isa = XCConfigurationList;
			buildConfigurations = (
				3E608E0E280F244A00371D99 /* Debug */,
				3E608E0F280F244A00371D99 /* Release */,
			);
			defaultConfigurationIsVisible = 0;
			defaultConfigurationName = Release;
		};
/* End XCConfigurationList section */
	};
	rootObject = 3E608DF7280F244800371D99 /* Project object */;
}
